
Microsoft Visual Studio Solution File, Format Version 12.00
# Visual Studio Version 17
VisualStudioVersion = 17.1.32407.343
MinimumVisualStudioVersion = 10.0.40219.1
Project("{FAE04EC0-301F-11D3-BF4B-00C04F79EFBC}") = "kuaidi100", "kuaidi100\kuaidi100.csproj", "{276E6C58-D79D-40DD-9D97-220F74DBC47C}"
EndProject
Global
	GlobalSection(SolutionConfigurationPlatforms) = preSolution
		Debug|Any CPU = Debug|Any CPU
		Release|Any CPU = Release|Any CPU
	EndGlobalSection
	GlobalSection(ProjectConfigurationPlatforms) = postSolution
		{276E6C58-D79D-40DD-9D97-220F74DBC47C}.Debug|Any CPU.ActiveCfg = Debug|Any CPU
		{276E6C58-D79D-40DD-9D97-220F74DBC47C}.Debug|Any CPU.Build.0 = Debug|Any CPU
		{276E6C58-D79D-40DD-9D97-220F74DBC47C}.Release|Any CPU.ActiveCfg = Release|Any CPU
		{276E6C58-D79D-40DD-9D97-220F74DBC47C}.Release|Any CPU.Build.0 = Release|Any CPU
	EndGlobalSection
	GlobalSection(SolutionProperties) = preSolution
		HideSolutionNode = FALSE
	EndGlobalSection
	GlobalSection(ExtensibilityGlobals) = postSolution
		SolutionGuid = {81BFD8B9-4B53-4FCE-A312-7FC78B4F4746}
	EndGlobalSection
EndGlobal
